
Microsoft Visual Studio Solution File, Format Version 12.00
# Visual Studio Version 17
VisualStudioVersion = 17.8.34330.188
MinimumVisualStudioVersion = 10.0.40219.1
Project("{FAE04EC0-301F-11D3-BF4B-00C04F79EFBC}") = "HaveARoom_CoreProject", "HaveARoom_CoreProject\HaveARoom_CoreProject.csproj", "{E6C49A16-35F2-4853-B248-6274D75E0FB5}"
EndProject
Global
	GlobalSection(SolutionConfigurationPlatforms) = preSolution
		Debug|Any CPU = Debug|Any CPU
		Release|Any CPU = Release|Any CPU
	EndGlobalSection
	GlobalSection(ProjectConfigurationPlatforms) = postSolution
		{E6C49A16-35F2-4853-B248-6274D75E0FB5}.Debug|Any CPU.ActiveCfg = Debug|Any CPU
		{E6C49A16-35F2-4853-B248-6274D75E0FB5}.Debug|Any CPU.Build.0 = Debug|Any CPU
		{E6C49A16-35F2-4853-B248-6274D75E0FB5}.Release|Any CPU.ActiveCfg = Release|Any CPU
		{E6C49A16-35F2-4853-B248-6274D75E0FB5}.Release|Any CPU.Build.0 = Release|Any CPU
	EndGlobalSection
	GlobalSection(SolutionProperties) = preSolution
		HideSolutionNode = FALSE
	EndGlobalSection
	GlobalSection(ExtensibilityGlobals) = postSolution
		SolutionGuid = {6DC27B9C-107D-449B-AB25-76C6FC7E5021}
	EndGlobalSection
EndGlobal
